
Microsoft Visual Studio Solution File, Format Version 12.00
# Visual Studio Version 16
VisualStudioVersion = 16.0.31313.79
MinimumVisualStudioVersion = 10.0.40219.1
Project("{FAE04EC0-301F-11D3-BF4B-00C04F79EFBC}") = "CABVOICEGENERATOR", "CABVOICEGENERATOR\CABVOICEGENERATOR.csproj", "{232854E4-6BB7-4C9E-9EA2-4A4FD729C883}"
EndProject
Global
	GlobalSection(SolutionConfigurationPlatforms) = preSolution
		Debug|Any CPU = Debug|Any CPU
		Release|Any CPU = Release|Any CPU
	EndGlobalSection
	GlobalSection(ProjectConfigurationPlatforms) = postSolution
		{232854E4-6BB7-4C9E-9EA2-4A4FD729C883}.Debug|Any CPU.ActiveCfg = Debug|Any CPU
		{232854E4-6BB7-4C9E-9EA2-4A4FD729C883}.Debug|Any CPU.Build.0 = Debug|Any CPU
		{232854E4-6BB7-4C9E-9EA2-4A4FD729C883}.Release|Any CPU.ActiveCfg = Release|Any CPU
		{232854E4-6BB7-4C9E-9EA2-4A4FD729C883}.Release|Any CPU.Build.0 = Release|Any CPU
	EndGlobalSection
	GlobalSection(SolutionProperties) = preSolution
		HideSolutionNode = FALSE
	EndGlobalSection
	GlobalSection(ExtensibilityGlobals) = postSolution
		SolutionGuid = {ABA2587C-A0B7-4532-9CC7-AA63902E9AA0}
	EndGlobalSection
EndGlobal
